
Microsoft Visual Studio Solution File, Format Version 12.00
# Visual Studio Version 17
VisualStudioVersion = 17.14.36414.22 d17.14
MinimumVisualStudioVersion = 10.0.40219.1
Project("{FAE04EC0-301F-11D3-BF4B-00C04F79EFBC}") = "Dice Roller", "Dice Roller.csproj", "{49F0DD7F-1733-4BFB-87C3-A010F189D175}"
EndProject
Global
	GlobalSection(SolutionConfigurationPlatforms) = preSolution
		Debug|Any CPU = Debug|Any CPU
		Release|Any CPU = Release|Any CPU
	EndGlobalSection
	GlobalSection(ProjectConfigurationPlatforms) = postSolution
		{49F0DD7F-1733-4BFB-87C3-A010F189D175}.Debug|Any CPU.ActiveCfg = Debug|Any CPU
		{49F0DD7F-1733-4BFB-87C3-A010F189D175}.Debug|Any CPU.Build.0 = Debug|Any CPU
		{49F0DD7F-1733-4BFB-87C3-A010F189D175}.Release|Any CPU.ActiveCfg = Release|Any CPU
		{49F0DD7F-1733-4BFB-87C3-A010F189D175}.Release|Any CPU.Build.0 = Release|Any CPU
	EndGlobalSection
	GlobalSection(SolutionProperties) = preSolution
		HideSolutionNode = FALSE
	EndGlobalSection
	GlobalSection(ExtensibilityGlobals) = postSolution
		SolutionGuid = {B2F76B00-3DD1-41EA-8993-C0E1B41F28C9}
	EndGlobalSection
EndGlobal
